
Microsoft Visual Studio Solution File, Format Version 12.00
# Visual Studio Version 16
VisualStudioVersion = 16.0.30204.135
MinimumVisualStudioVersion = 10.0.40219.1
Project("{FAE04EC0-301F-11D3-BF4B-00C04F79EFBC}") = "PortScanner2", "PortScanner2.csproj", "{8715DE8D-61BF-48FD-8434-11DA2FF6F314}"
EndProject
Global
	GlobalSection(SolutionConfigurationPlatforms) = preSolution
		Debug|Any CPU = Debug|Any CPU
		Release|Any CPU = Release|Any CPU
	EndGlobalSection
	GlobalSection(ProjectConfigurationPlatforms) = postSolution
		{8715DE8D-61BF-48FD-8434-11DA2FF6F314}.Debug|Any CPU.ActiveCfg = Debug|Any CPU
		{8715DE8D-61BF-48FD-8434-11DA2FF6F314}.Debug|Any CPU.Build.0 = Debug|Any CPU
		{8715DE8D-61BF-48FD-8434-11DA2FF6F314}.Release|Any CPU.ActiveCfg = Release|Any CPU
		{8715DE8D-61BF-48FD-8434-11DA2FF6F314}.Release|Any CPU.Build.0 = Release|Any CPU
	EndGlobalSection
	GlobalSection(SolutionProperties) = preSolution
		HideSolutionNode = FALSE
	EndGlobalSection
	GlobalSection(ExtensibilityGlobals) = postSolution
		SolutionGuid = {B7C925B2-2F07-4C3B-9AFF-A5BAC58531EC}
	EndGlobalSection
EndGlobal
